github.com/Azure/azure-sdk-for-go/sdk/azcore v1.11.1 h1:E+OJmp2tPvt1W+amx48v1eqbjDYsgN+RzP4q16yV5eM=
github.com/Azure/azure-sdk-for-go/sdk/azcore v1.11.1/go.mod h1:a6xsAQUZg+VsS3TJ05SRp524Hs4pZ/AeFSr5ENf0Yjo=
github.com/Azure/azure-sdk-for-go/sdk/internal v1.7.0 h1:rTfKOCZGy5ViVrlA74ZPE99a+SgoEE2K/yg3RyW9dFA=
github.com/Azure/azure-sdk-for-go/sdk/internal v1.7.0/go.mod h1:4OG6tQ9EOP/MT0NMjDlRzWoVFxfu9rN9B2X+tlSVktg=
github.com/Azure/azure-sdk-for-go/sdk/messaging/azservicebus v1.7.1 h1:o/Ws6bEqMeKZUfj1RRm3mQ51O8JGU5w+Qdg2AhHib6A=
github.com/Azure/azure-sdk-for-go/sdk/messaging/azservicebus v1.7.1/go.mod h1:6QAMYBAbQeeKX+REFJMZ1nFWu9XLw/PPcjYpuc9RDFs=
github.com/Azure/go-amqp v1.0.5 h1:po5+ljlcNSU8xtapHTe8gIc8yHxCzC03E8afH2g1ftU=
github.com/Azure/go-amqp v1.0.5/go.mod h1:vZAogwdrkbyK3Mla8m/CxSc/aKdnTZ4IbPxl51Y5WZE=
github.com/cespare/xxhash/v2 v2.1.2 h1:YRXhKfTDauu4ajMg1TPgFO5jnlC2HCbmLXMcTG5cbYE=
github.com/cespare/xxhash/v2 v2.1.2/go.mod h1:VGX0DQ3Q6kWi7AoAeZDth3/j3BFtOZR5XLFGgcrjCOs=
github.com/dgryski/go-rendezvous v0.0.0-20200823014737-9f7001d12a5f h1:lO4WD4F/rVNCu3HqELle0jiPLLBs70cWOduZpkS1E78=
github.com/dgryski/go-rendezvous v0.0.0-20200823014737-9f7001d12a5f/go.mod h1:cuUVRXasLTGF7a8hSLbxyZXjz+1KgoB3wDUb6vlszIc=
github.com/go-redis/redis v6.15.9+incompatible h1:K0pv1D7EQUjfyoMql+r/jZqCLizCGKFlFgcHWWmHQjg=
github.com/go-redis/redis v6.15.9+incompatible/go.mod h1:NAIEuMOZ/fxfXJIrKDQDz8wamY7mA7PouImQ2Jvg6kA=
github.com/go-redis/redis/v8 v8.11.5 h1:AcZZR7igkdvfVmQTPnu9WE37LRrO/YrBH5zWyjDC0oI=
github.com/go-redis/redis/v8 v8.11.5/go.mod h1:gREzHqY1hg6oD9ngVRbLStwAWKhA0FEgq8Jd4h5lpwo=
github.com/joho/godotenv v1.5.1 h1:7eLL/+HRGLY0ldzfGMeQkb7vMd0as4CfYvUVzLqw0N0=
github.com/joho/godotenv v1.5.1/go.mod h1:f4LDr5Voq0i2e/R5DDNOoa2zzDfwtkZa6DnEwAbqwq4=
golang.org/x/exp v0.0.0-20240707233637-46b078467d37 h1:uLDX+AfeFCct3a2C7uIWBKMJIR3CJMhcgfrUAqjRK6w=
golang.org/x/exp v0.0.0-20240707233637-46b078467d37/go.mod h1:M4RDyNAINzryxdtnbRXRL/OHtkFuWGRjvuhBJpk2IlY=
golang.org/x/net v0.24.0 h1:1PcaxkF854Fu3+lvBIx5SYn9wRlBzzcnHZSiaFFAb0w=
golang.org/x/net v0.24.0/go.mod h1:2Q7sJY5mzlzWjKtYUEXSlBWCdyaioyXzRB2RtU8KVE8=
golang.org/x/text v0.14.0 h1:ScX5w1eTa3QqT8oi6+ziP7dTV1S2+ALU0bI+0zXKWiQ=
golang.org/x/text v0.14.0/go.mod h1:18ZOQIKpY8NJVqYksKHtTdi31H5itFRjB5/qKTNYzSU=
